
Microsoft Visual Studio Solution File, Format Version 12.00
# Visual Studio Version 17
VisualStudioVersion = 17.0.31903.59
MinimumVisualStudioVersion = 10.0.40219.1
Project("{FAE04EC0-301F-11D3-BF4B-00C04F79EFBC}") = "Dosimeter.NET", "Dosimeter.NET\Dosimeter.NET.csproj", "{FF36B7E8-91D0-465A-8A50-93E69F907116}"
EndProject
Global
	GlobalSection(SolutionConfigurationPlatforms) = preSolution
		Debug|Any CPU = Debug|Any CPU
		Release|Any CPU = Release|Any CPU
	EndGlobalSection
	GlobalSection(SolutionProperties) = preSolution
		HideSolutionNode = FALSE
	EndGlobalSection
	GlobalSection(ProjectConfigurationPlatforms) = postSolution
		{FF36B7E8-91D0-465A-8A50-93E69F907116}.Debug|Any CPU.ActiveCfg = Debug|Any CPU
		{FF36B7E8-91D0-465A-8A50-93E69F907116}.Debug|Any CPU.Build.0 = Debug|Any CPU
		{FF36B7E8-91D0-465A-8A50-93E69F907116}.Release|Any CPU.ActiveCfg = Release|Any CPU
		{FF36B7E8-91D0-465A-8A50-93E69F907116}.Release|Any CPU.Build.0 = Release|Any CPU
	EndGlobalSection
EndGlobal
